
Microsoft Visual Studio Solution File, Format Version 12.00
# Visual Studio Version 17
VisualStudioVersion = 17.9.34728.123
MinimumVisualStudioVersion = 10.0.40219.1
Project("{9A19103F-16F7-4668-BE54-9A1E7A4F7556}") = "SRP", "SRP\SRP.csproj", "{F04425D6-51F4-456C-911D-F29161E72118}"
EndProject
Project("{9A19103F-16F7-4668-BE54-9A1E7A4F7556}") = "OCP", "OCP\OCP.csproj", "{C8F6C805-3A19-4580-92FA-A0BE3EA9612C}"
EndProject
Project("{9A19103F-16F7-4668-BE54-9A1E7A4F7556}") = "LSP", "LSP\LSP.csproj", "{DCFCB11D-B156-4C45-834A-DA4A0A11BD12}"
EndProject
Project("{FAE04EC0-301F-11D3-BF4B-00C04F79EFBC}") = "ISP", "ISP\ISP.csproj", "{CD45FEC2-FFA7-43A4-8FB3-8061D9310D59}"
EndProject
Project("{FAE04EC0-301F-11D3-BF4B-00C04F79EFBC}") = "DIP", "DIP\DIP.csproj", "{01253F94-7366-4104-A65A-763984A2C21F}"
EndProject
Project("{FAE04EC0-301F-11D3-BF4B-00C04F79EFBC}") = "SOLID Principles", "SOLID Principles\SOLID Principles.csproj", "{DF8E288C-1EF9-421A-A169-E54297C27EF0}"
EndProject
Global
	GlobalSection(SolutionConfigurationPlatforms) = preSolution
		Debug|Any CPU = Debug|Any CPU
		Release|Any CPU = Release|Any CPU
	EndGlobalSection
	GlobalSection(ProjectConfigurationPlatforms) = postSolution
		{F04425D6-51F4-456C-911D-F29161E72118}.Debug|Any CPU.ActiveCfg = Debug|Any CPU
		{F04425D6-51F4-456C-911D-F29161E72118}.Debug|Any CPU.Build.0 = Debug|Any CPU
		{F04425D6-51F4-456C-911D-F29161E72118}.Release|Any CPU.ActiveCfg = Release|Any CPU
		{F04425D6-51F4-456C-911D-F29161E72118}.Release|Any CPU.Build.0 = Release|Any CPU
		{C8F6C805-3A19-4580-92FA-A0BE3EA9612C}.Debug|Any CPU.ActiveCfg = Debug|Any CPU
		{C8F6C805-3A19-4580-92FA-A0BE3EA9612C}.Debug|Any CPU.Build.0 = Debug|Any CPU
		{C8F6C805-3A19-4580-92FA-A0BE3EA9612C}.Release|Any CPU.ActiveCfg = Release|Any CPU
		{C8F6C805-3A19-4580-92FA-A0BE3EA9612C}.Release|Any CPU.Build.0 = Release|Any CPU
		{DCFCB11D-B156-4C45-834A-DA4A0A11BD12}.Debug|Any CPU.ActiveCfg = Debug|Any CPU
		{DCFCB11D-B156-4C45-834A-DA4A0A11BD12}.Debug|Any CPU.Build.0 = Debug|Any CPU
		{DCFCB11D-B156-4C45-834A-DA4A0A11BD12}.Release|Any CPU.ActiveCfg = Release|Any CPU
		{DCFCB11D-B156-4C45-834A-DA4A0A11BD12}.Release|Any CPU.Build.0 = Release|Any CPU
		{CD45FEC2-FFA7-43A4-8FB3-8061D9310D59}.Debug|Any CPU.ActiveCfg = Debug|Any CPU
		{CD45FEC2-FFA7-43A4-8FB3-8061D9310D59}.Debug|Any CPU.Build.0 = Debug|Any CPU
		{CD45FEC2-FFA7-43A4-8FB3-8061D9310D59}.Release|Any CPU.ActiveCfg = Release|Any CPU
		{CD45FEC2-FFA7-43A4-8FB3-8061D9310D59}.Release|Any CPU.Build.0 = Release|Any CPU
		{01253F94-7366-4104-A65A-763984A2C21F}.Debug|Any CPU.ActiveCfg = Debug|Any CPU
		{01253F94-7366-4104-A65A-763984A2C21F}.Debug|Any CPU.Build.0 = Debug|Any CPU
		{01253F94-7366-4104-A65A-763984A2C21F}.Release|Any CPU.ActiveCfg = Release|Any CPU
		{01253F94-7366-4104-A65A-763984A2C21F}.Release|Any CPU.Build.0 = Release|Any CPU
		{DF8E288C-1EF9-421A-A169-E54297C27EF0}.Debug|Any CPU.ActiveCfg = Debug|Any CPU
		{DF8E288C-1EF9-421A-A169-E54297C27EF0}.Debug|Any CPU.Build.0 = Debug|Any CPU
		{DF8E288C-1EF9-421A-A169-E54297C27EF0}.Release|Any CPU.ActiveCfg = Release|Any CPU
		{DF8E288C-1EF9-421A-A169-E54297C27EF0}.Release|Any CPU.Build.0 = Release|Any CPU
	EndGlobalSection
	GlobalSection(SolutionProperties) = preSolution
		HideSolutionNode = FALSE
	EndGlobalSection
	GlobalSection(ExtensibilityGlobals) = postSolution
		SolutionGuid = {253E3CD2-2627-4F73-8682-5EA36CDB2907}
	EndGlobalSection
EndGlobal
